
Microsoft Visual Studio Solution File, Format Version 12.00
# Visual Studio Version 17
VisualStudioVersion = 17.7.34221.43
MinimumVisualStudioVersion = 10.0.40219.1
Project("{FAE04EC0-301F-11D3-BF4B-00C04F79EFBC}") = "InkassoServiceTest", "InkassoServiceTest\InkassoServiceTest.csproj", "{147FA1A3-7796-4CAD-8E91-904F92C26ED4}"
EndProject
Global
	GlobalSection(SolutionConfigurationPlatforms) = preSolution
		Debug|Any CPU = Debug|Any CPU
		Release|Any CPU = Release|Any CPU
	EndGlobalSection
	GlobalSection(ProjectConfigurationPlatforms) = postSolution
		{147FA1A3-7796-4CAD-8E91-904F92C26ED4}.Debug|Any CPU.ActiveCfg = Debug|Any CPU
		{147FA1A3-7796-4CAD-8E91-904F92C26ED4}.Debug|Any CPU.Build.0 = Debug|Any CPU
		{147FA1A3-7796-4CAD-8E91-904F92C26ED4}.Release|Any CPU.ActiveCfg = Release|Any CPU
		{147FA1A3-7796-4CAD-8E91-904F92C26ED4}.Release|Any CPU.Build.0 = Release|Any CPU
	EndGlobalSection
	GlobalSection(SolutionProperties) = preSolution
		HideSolutionNode = FALSE
	EndGlobalSection
	GlobalSection(ExtensibilityGlobals) = postSolution
		SolutionGuid = {5265C405-D2E7-4A38-9B1D-7437403B0675}
	EndGlobalSection
EndGlobal
